
Microsoft Visual Studio Solution File, Format Version 12.00
# Visual Studio Version 17
VisualStudioVersion = 17.9.34616.47
MinimumVisualStudioVersion = 10.0.40219.1
Project("{FAE04EC0-301F-11D3-BF4B-00C04F79EFBC}") = "LayOutView", "LayOutView\LayOutView.csproj", "{D85E6EFA-577E-468C-A127-3F03CCCB27B1}"
EndProject
Global
	GlobalSection(SolutionConfigurationPlatforms) = preSolution
		Debug|Any CPU = Debug|Any CPU
		Release|Any CPU = Release|Any CPU
	EndGlobalSection
	GlobalSection(ProjectConfigurationPlatforms) = postSolution
		{D85E6EFA-577E-468C-A127-3F03CCCB27B1}.Debug|Any CPU.ActiveCfg = Debug|Any CPU
		{D85E6EFA-577E-468C-A127-3F03CCCB27B1}.Debug|Any CPU.Build.0 = Debug|Any CPU
		{D85E6EFA-577E-468C-A127-3F03CCCB27B1}.Release|Any CPU.ActiveCfg = Release|Any CPU
		{D85E6EFA-577E-468C-A127-3F03CCCB27B1}.Release|Any CPU.Build.0 = Release|Any CPU
	EndGlobalSection
	GlobalSection(SolutionProperties) = preSolution
		HideSolutionNode = FALSE
	EndGlobalSection
	GlobalSection(ExtensibilityGlobals) = postSolution
		SolutionGuid = {A213FAF3-E4CF-4A34-8769-D91A0F51F2DF}
	EndGlobalSection
EndGlobal
